
Microsoft Visual Studio Solution File, Format Version 12.00
# Visual Studio Version 17
VisualStudioVersion = 17.8.34309.116
MinimumVisualStudioVersion = 10.0.40219.1
Project("{FAE04EC0-301F-11D3-BF4B-00C04F79EFBC}") = "Ecomm.WebService", "Ecomm.WebService\Ecomm.WebService.csproj", "{2D29C99C-AFE3-414B-81CA-D67734B87906}"
EndProject
Project("{FAE04EC0-301F-11D3-BF4B-00C04F79EFBC}") = "Ecomm.Core", "Ecomm.Core\Ecomm.Core.csproj", "{D21659EC-3E10-4C3F-A67C-066ACE325A24}"
EndProject
Project("{FAE04EC0-301F-11D3-BF4B-00C04F79EFBC}") = "Ecomm.Common", "Ecomm.Common\Ecomm.Common.csproj", "{5AE47A41-5866-41AF-839D-99B7CACA8801}"
EndProject
Project("{FAE04EC0-301F-11D3-BF4B-00C04F79EFBC}") = "Ecomm.Data", "Ecomm.Data\Ecomm.Data.csproj", "{2D8A1E39-A284-43B0-91EE-F1372E71D5A7}"
EndProject
Project("{FAE04EC0-301F-11D3-BF4B-00C04F79EFBC}") = "Ecomm.Identity", "Ecomm.Identity\Ecomm.Identity.csproj", "{BC762A90-5BEC-4393-ADD2-DD9358AE8FE1}"
EndProject
Project("{FAE04EC0-301F-11D3-BF4B-00C04F79EFBC}") = "Ecomm.Migrations", "Ecomm.Migrations\Ecomm.Migrations.csproj", "{8131B1EC-1004-4679-B7B4-1BD7A420FDA2}"
EndProject
Global
	GlobalSection(SolutionConfigurationPlatforms) = preSolution
		Debug|Any CPU = Debug|Any CPU
		Release|Any CPU = Release|Any CPU
	EndGlobalSection
	GlobalSection(ProjectConfigurationPlatforms) = postSolution
		{2D29C99C-AFE3-414B-81CA-D67734B87906}.Debug|Any CPU.ActiveCfg = Debug|Any CPU
		{2D29C99C-AFE3-414B-81CA-D67734B87906}.Debug|Any CPU.Build.0 = Debug|Any CPU
		{2D29C99C-AFE3-414B-81CA-D67734B87906}.Release|Any CPU.ActiveCfg = Release|Any CPU
		{2D29C99C-AFE3-414B-81CA-D67734B87906}.Release|Any CPU.Build.0 = Release|Any CPU
		{D21659EC-3E10-4C3F-A67C-066ACE325A24}.Debug|Any CPU.ActiveCfg = Debug|Any CPU
		{D21659EC-3E10-4C3F-A67C-066ACE325A24}.Debug|Any CPU.Build.0 = Debug|Any CPU
		{D21659EC-3E10-4C3F-A67C-066ACE325A24}.Release|Any CPU.ActiveCfg = Release|Any CPU
		{D21659EC-3E10-4C3F-A67C-066ACE325A24}.Release|Any CPU.Build.0 = Release|Any CPU
		{5AE47A41-5866-41AF-839D-99B7CACA8801}.Debug|Any CPU.ActiveCfg = Debug|Any CPU
		{5AE47A41-5866-41AF-839D-99B7CACA8801}.Debug|Any CPU.Build.0 = Debug|Any CPU
		{5AE47A41-5866-41AF-839D-99B7CACA8801}.Release|Any CPU.ActiveCfg = Release|Any CPU
		{5AE47A41-5866-41AF-839D-99B7CACA8801}.Release|Any CPU.Build.0 = Release|Any CPU
		{2D8A1E39-A284-43B0-91EE-F1372E71D5A7}.Debug|Any CPU.ActiveCfg = Debug|Any CPU
		{2D8A1E39-A284-43B0-91EE-F1372E71D5A7}.Debug|Any CPU.Build.0 = Debug|Any CPU
		{2D8A1E39-A284-43B0-91EE-F1372E71D5A7}.Release|Any CPU.ActiveCfg = Release|Any CPU
		{2D8A1E39-A284-43B0-91EE-F1372E71D5A7}.Release|Any CPU.Build.0 = Release|Any CPU
		{BC762A90-5BEC-4393-ADD2-DD9358AE8FE1}.Debug|Any CPU.ActiveCfg = Debug|Any CPU
		{BC762A90-5BEC-4393-ADD2-DD9358AE8FE1}.Debug|Any CPU.Build.0 = Debug|Any CPU
		{BC762A90-5BEC-4393-ADD2-DD9358AE8FE1}.Release|Any CPU.ActiveCfg = Release|Any CPU
		{BC762A90-5BEC-4393-ADD2-DD9358AE8FE1}.Release|Any CPU.Build.0 = Release|Any CPU
		{8131B1EC-1004-4679-B7B4-1BD7A420FDA2}.Debug|Any CPU.ActiveCfg = Debug|Any CPU
		{8131B1EC-1004-4679-B7B4-1BD7A420FDA2}.Debug|Any CPU.Build.0 = Debug|Any CPU
		{8131B1EC-1004-4679-B7B4-1BD7A420FDA2}.Release|Any CPU.ActiveCfg = Release|Any CPU
		{8131B1EC-1004-4679-B7B4-1BD7A420FDA2}.Release|Any CPU.Build.0 = Release|Any CPU
	EndGlobalSection
	GlobalSection(SolutionProperties) = preSolution
		HideSolutionNode = FALSE
	EndGlobalSection
	GlobalSection(ExtensibilityGlobals) = postSolution
		SolutionGuid = {196E76F0-1B24-461A-9FBD-9E76252B2938}
	EndGlobalSection
EndGlobal
